// !$*UTF8*$!
{
	archiveVersion = 1;
	classes = {
	};
	objectVersion = 50;
	objects = {

/* Begin PBXBuildFile section */
		052BC09322F64C6300B4985A /* AppDelegate.swift in Sources */ = {isa = PBXBuildFile; fileRef = 052BC09222F64C6300B4985A /* AppDelegate.swift */; };
		052BC09522F64C6300B4985A /* ViewController.swift in Sources */ = {isa = PBXBuildFile; fileRef = 052BC09422F64C6300B4985A /* ViewController.swift */; };
		052BC09822F64C6300B4985A /* Main.storyboard in Resources */ = {isa = PBXBuildFile; fileRef = 052BC09622F64C6300B4985A /* Main.storyboard */; };
		052BC09A22F64C6500B4985A /* Assets.xcassets in Resources */ = {isa = PBXBuildFile; fileRef = 052BC09922F64C6500B4985A /* Assets.xcassets */; };
		052BC09D22F64C6500B4985A /* LaunchScreen.storyboard in Resources */ = {isa = PBXBuildFile; fileRef = 052BC09B22F64C6500B4985A /* LaunchScreen.storyboard */; };
		052BC0A822F64C6500B4985A /* BottomSheetTests.swift in Sources */ = {isa = PBXBuildFile; fileRef = 052BC0A722F64C6500B4985A /* BottomSheetTests.swift */; };
		052BC0B322F64C6500B4985A /* BottomSheetUITests.swift in Sources */ = {isa = PBXBuildFile; fileRef = 052BC0B222F64C6500B4985A /* BottomSheetUITests.swift */; };
/* End PBXBuildFile section */

/* Begin PBXContainerItemProxy section */
		052BC0A422F64C6500B4985A /* PBXContainerItemProxy */ = {
			isa = PBXContainerItemProxy;
			containerPortal = 052BC08722F64C6300B4985A /* Project object */;
			proxyType = 1;
			remoteGlobalIDString = 052BC08E22F64C6300B4985A;
			remoteInfo = BottomSheet;
		};
		052BC0AF22F64C6500B4985A /* PBXContainerItemProxy */ = {
			isa = PBXContainerItemProxy;
			containerPortal = 052BC08722F64C6300B4985A /* Project object */;
			proxyType = 1;
			remoteGlobalIDString = 052BC08E22F64C6300B4985A;
			remoteInfo = BottomSheet;
		};
/* End PBXContainerItemProxy section */

/* Begin PBXFileReference section */
		052BC08F22F64C6300B4985A /* BottomSheet.app */ = {isa = PBXFileReference; explicitFileType = wrapper.application; includeInIndex = 0; path = BottomSheet.app; sourceTree = BUILT_PRODUCTS_DIR; };
		052BC09222F64C6300B4985A /* AppDelegate.swift */ = {isa = PBXFileReference; lastKnownFileType = sourcecode.swift; path = AppDelegate.swift; sourceTree = "<group>"; };
		052BC09422F64C6300B4985A /* ViewController.swift */ = {isa = PBXFileReference; lastKnownFileType = sourcecode.swift; path = ViewController.swift; sourceTree = "<group>"; };
		052BC09722F64C6300B4985A /* Base */ = {isa = PBXFileReference; lastKnownFileType = file.storyboard; name = Base; path = Base.lproj/Main.storyboard; sourceTree = "<group>"; };
		052BC09922F64C6500B4985A /* Assets.xcassets */ = {isa = PBXFileReference; lastKnownFileType = folder.assetcatalog; path = Assets.xcassets; sourceTree = "<group>"; };
		052BC09C22F64C6500B4985A /* Base */ = {isa = PBXFileReference; lastKnownFileType = file.storyboard; name = Base; path = Base.lproj/LaunchScreen.storyboard; sourceTree = "<group>"; };
		052BC09E22F64C6500B4985A /* Info.plist */ = {isa = PBXFileReference; lastKnownFileType = text.plist.xml; path = Info.plist; sourceTree = "<group>"; };
		052BC0A322F64C6500B4985A /* BottomSheetTests.xctest */ = {isa = PBXFileReference; explicitFileType = wrapper.cfbundle; includeInIndex = 0; path = BottomSheetTests.xctest; sourceTree = BUILT_PRODUCTS_DIR; };
		052BC0A722F64C6500B4985A /* BottomSheetTests.swift */ = {isa = PBXFileReference; lastKnownFileType = sourcecode.swift; path = BottomSheetTests.swift; sourceTree = "<group>"; };
		052BC0A922F64C6500B4985A /* Info.plist */ = {isa = PBXFileReference; lastKnownFileType = text.plist.xml; path = Info.plist; sourceTree = "<group>"; };
		052BC0AE22F64C6500B4985A /* BottomSheetUITests.xctest */ = {isa = PBXFileReference; explicitFileType = wrapper.cfbundle; includeInIndex = 0; path = BottomSheetUITests.xctest; sourceTree = BUILT_PRODUCTS_DIR; };
		052BC0B222F64C6500B4985A /* BottomSheetUITests.swift */ = {isa = PBXFileReference; lastKnownFileType = sourcecode.swift; path = BottomSheetUITests.swift; sourceTree = "<group>"; };
		052BC0B422F64C6500B4985A /* Info.plist */ = {isa = PBXFileReference; lastKnownFileType = text.plist.xml; path = Info.plist; sourceTree = "<group>"; };
/* End PBXFileReference section */

/* Begin PBXFrameworksBuildPhase section */
		052BC08C22F64C6300B4985A /* Frameworks */ = {
			isa = PBXFrameworksBuildPhase;
			buildActionMask = 2147483647;
			files = (
			);
			runOnlyForDeploymentPostprocessing = 0;
		};
		052BC0A022F64C6500B4985A /* Frameworks */ = {
			isa = PBXFrameworksBuildPhase;
			buildActionMask = 2147483647;
			files = (
			);
			runOnlyForDeploymentPostprocessing = 0;
		};
		052BC0AB22F64C6500B4985A /* Frameworks */ = {
			isa = PBXFrameworksBuildPhase;
			buildActionMask = 2147483647;
			files = (
			);
			runOnlyForDeploymentPostprocessing = 0;
		};
/* End PBXFrameworksBuildPhase section */

/* Begin PBXGroup section */
		052BC08622F64C6300B4985A = {
			isa = PBXGroup;
			children = (
				052BC09122F64C6300B4985A /* BottomSheet */,
				052BC0A622F64C6500B4985A /* BottomSheetTests */,
				052BC0B122F64C6500B4985A /* BottomSheetUITests */,
				052BC09022F64C6300B4985A /* Products */,
			);
			sourceTree = "<group>";
		};
		052BC09022F64C6300B4985A /* Products */ = {
			isa = PBXGroup;
			children = (
				052BC08F22F64C6300B4985A /* BottomSheet.app */,
				052BC0A322F64C6500B4985A /* BottomSheetTests.xctest */,
				052BC0AE22F64C6500B4985A /* BottomSheetUITests.xctest */,
			);
			name = Products;
			sourceTree = "<group>";
		};
		052BC09122F64C6300B4985A /* BottomSheet */ = {
			isa = PBXGroup;
			children = (
				052BC09222F64C6300B4985A /* AppDelegate.swift */,
				052BC09422F64C6300B4985A /* ViewController.swift */,
				052BC09622F64C6300B4985A /* Main.storyboard */,
				052BC09922F64C6500B4985A /* Assets.xcassets */,
				052BC09B22F64C6500B4985A /* LaunchScreen.storyboard */,
				052BC09E22F64C6500B4985A /* Info.plist */,
			);
			path = BottomSheet;
			sourceTree = "<group>";
		};
		052BC0A622F64C6500B4985A /* BottomSheetTests */ = {
			isa = PBXGroup;
			children = (
				052BC0A722F64C6500B4985A /* BottomSheetTests.swift */,
				052BC0A922F64C6500B4985A /* Info.plist */,
			);
			path = BottomSheetTests;
			sourceTree = "<group>";
		};
		052BC0B122F64C6500B4985A /* BottomSheetUITests */ = {
			isa = PBXGroup;
			children = (
				052BC0B222F64C6500B4985A /* BottomSheetUITests.swift */,
				052BC0B422F64C6500B4985A /* Info.plist */,
			);
			path = BottomSheetUITests;
			sourceTree = "<group>";
		};
/* End PBXGroup section */

/* Begin PBXNativeTarget section */
		052BC08E22F64C6300B4985A /* BottomSheet */ = {
			isa = PBXNativeTarget;
			buildConfigurationList = 052BC0B722F64C6500B4985A /* Build configuration list for PBXNativeTarget "BottomSheet" */;
			buildPhases = (
				052BC08B22F64C6300B4985A /* Sources */,
				052BC08C22F64C6300B4985A /* Frameworks */,
				052BC08D22F64C6300B4985A /* Resources */,
			);
			buildRules = (
			);
			dependencies = (
			);
			name = BottomSheet;
			productName = BottomSheet;
			productReference = 052BC08F22F64C6300B4985A /* BottomSheet.app */;
			productType = "com.apple.product-type.application";
		};
		052BC0A222F64C6500B4985A /* BottomSheetTests */ = {
			isa = PBXNativeTarget;
			buildConfigurationList = 052BC0BA22F64C6500B4985A /* Build configuration list for PBXNativeTarget "BottomSheetTests" */;
			buildPhases = (
				052BC09F22F64C6500B4985A /* Sources */,
				052BC0A022F64C6500B4985A /* Frameworks */,
				052BC0A122F64C6500B4985A /* Resources */,
			);
			buildRules = (
			);
			dependencies = (
				052BC0A522F64C6500B4985A /* PBXTargetDependency */,
			);
			name = BottomSheetTests;
			productName = BottomSheetTests;
			productReference = 052BC0A322F64C6500B4985A /* BottomSheetTests.xctest */;
			productType = "com.apple.product-type.bundle.unit-test";
		};
		052BC0AD22F64C6500B4985A /* BottomSheetUITests */ = {
			isa = PBXNativeTarget;
			buildConfigurationList = 052BC0BD22F64C6500B4985A /* Build configuration list for PBXNativeTarget "BottomSheetUITests" */;
			buildPhases = (
				052BC0AA22F64C6500B4985A /* Sources */,
				052BC0AB22F64C6500B4985A /* Frameworks */,
				052BC0AC22F64C6500B4985A /* Resources */,
			);
			buildRules = (
			);
			dependencies = (
				052BC0B022F64C6500B4985A /* PBXTargetDependency */,
			);
			name = BottomSheetUITests;
			productName = BottomSheetUITests;
			productReference = 052BC0AE22F64C6500B4985A /* BottomSheetUITests.xctest */;
			productType = "com.apple.product-type.bundle.ui-testing";
		};
/* End PBXNativeTarget section */

/* Begin PBXProject section */
		052BC08722F64C6300B4985A /* Project object */ = {
			isa = PBXProject;
			attributes = {
				LastSwiftUpdateCheck = 1010;
				LastUpgradeCheck = 1010;
				ORGANIZATIONNAME = Badrinath;
				TargetAttributes = {
					052BC08E22F64C6300B4985A = {
						CreatedOnToolsVersion = 10.1;
					};
					052BC0A222F64C6500B4985A = {
						CreatedOnToolsVersion = 10.1;
						TestTargetID = 052BC08E22F64C6300B4985A;
					};
					052BC0AD22F64C6500B4985A = {
						CreatedOnToolsVersion = 10.1;
						TestTargetID = 052BC08E22F64C6300B4985A;
					};
				};
			};
			buildConfigurationList = 052BC08A22F64C6300B4985A /* Build configuration list for PBXProject "BottomSheet" */;
			compatibilityVersion = "Xcode 9.3";
			developmentRegion = en;
			hasScannedForEncodings = 0;
			knownRegions = (
				en,
				Base,
			);
			mainGroup = 052BC08622F64C6300B4985A;
			productRefGroup = 052BC09022F64C6300B4985A /* Products */;
			projectDirPath = "";
			projectRoot = "";
			targets = (
				052BC08E22F64C6300B4985A /* BottomSheet */,
				052BC0A222F64C6500B4985A /* BottomSheetTests */,
				052BC0AD22F64C6500B4985A /* BottomSheetUITests */,
			);
		};
/* End PBXProject section */

/* Begin PBXResourcesBuildPhase section */
		052BC08D22F64C6300B4985A /* Resources */ = {
			isa = PBXResourcesBuildPhase;
			buildActionMask = 2147483647;
			files = (
				052BC09D22F64C6500B4985A /* LaunchScreen.storyboard in Resources */,
				052BC09A22F64C6500B4985A /* Assets.xcassets in Resources */,
				052BC09822F64C6300B4985A /* Main.storyboard in Resources */,
			);
			runOnlyForDeploymentPostprocessing = 0;
		};
		052BC0A122F64C6500B4985A /* Resources */ = {
			isa = PBXResourcesBuildPhase;
			buildActionMask = 2147483647;
			files = (
			);
			runOnlyForDeploymentPostprocessing = 0;
		};
		052BC0AC22F64C6500B4985A /* Resources */ = {
			isa = PBXResourcesBuildPhase;
			buildActionMask = 2147483647;
			files = (
			);
			runOnlyForDeploymentPostprocessing = 0;
		};
/* End PBXResourcesBuildPhase section */

/* Begin PBXSourcesBuildPhase section */
		052BC08B22F64C6300B4985A /* Sources */ = {
			isa = PBXSourcesBuildPhase;
			buildActionMask = 2147483647;
			files = (
				052BC09522F64C6300B4985A /* ViewController.swift in Sources */,
				052BC09322F64C6300B4985A /* AppDelegate.swift in Sources */,
			);
			runOnlyForDeploymentPostprocessing = 0;
		};
		052BC09F22F64C6500B4985A /* Sources */ = {
			isa = PBXSourcesBuildPhase;
			buildActionMask = 2147483647;
			files = (
				052BC0A822F64C6500B4985A /* BottomSheetTests.swift in Sources */,
			);
			runOnlyForDeploymentPostprocessing = 0;
		};
		052BC0AA22F64C6500B4985A /* Sources */ = {
			isa = PBXSourcesBuildPhase;
			buildActionMask = 2147483647;
			files = (
				052BC0B322F64C6500B4985A /* BottomSheetUITests.swift in Sources */,
			);
			runOnlyForDeploymentPostprocessing = 0;
		};
/* End PBXSourcesBuildPhase section */

/* Begin PBXTargetDependency section */
		052BC0A522F64C6500B4985A /* PBXTargetDependency */ = {
			isa = PBXTargetDependency;
			target = 052BC08E22F64C6300B4985A /* BottomSheet */;
			targetProxy = 052BC0A422F64C6500B4985A /* PBXContainerItemProxy */;
		};
		052BC0B022F64C6500B4985A /* PBXTargetDependency */ = {
			isa = PBXTargetDependency;
			target = 052BC08E22F64C6300B4985A /* BottomSheet */;
			targetProxy = 052BC0AF22F64C6500B4985A /* PBXContainerItemProxy */;
		};
/* End PBXTargetDependency section */

/* Begin PBXVariantGroup section */
		052BC09622F64C6300B4985A /* Main.storyboard */ = {
			isa = PBXVariantGroup;
			children = (
				052BC09722F64C6300B4985A /* Base */,
			);
			name = Main.storyboard;
			sourceTree = "<group>";
		};
		052BC09B22F64C6500B4985A /* LaunchScreen.storyboard */ = {
			isa = PBXVariantGroup;
			children = (
				052BC09C22F64C6500B4985A /* Base */,
			);
			name = LaunchScreen.storyboard;
			sourceTree = "<group>";
		};
/* End PBXVariantGroup section */

/* Begin XCBuildConfiguration section */
		052BC0B522F64C6500B4985A /* Debug */ = {
			isa = XCBuildConfiguration;
			buildSettings = {
				ALWAYS_SEARCH_USER_PATHS = NO;
				CLANG_ANALYZER_NONNULL = YES;
				CLANG_ANALYZER_NUMBER_OBJECT_CONVERSION = YES_AGGRESSIVE;
				CLANG_CXX_LANGUAGE_STANDARD = "gnu++14";
				CLANG_CXX_LIBRARY = "libc++";
				CLANG_ENABLE_MODULES = YES;
				CLANG_ENABLE_OBJC_ARC = YES;
				CLANG_ENABLE_OBJC_WEAK = YES;
				CLANG_WARN_BLOCK_CAPTURE_AUTORELEASING = YES;
				CLANG_WARN_BOOL_CONVERSION = YES;
				CLANG_WARN_COMMA = YES;
				CLANG_WARN_CONSTANT_CONVERSION = YES;
				CLANG_WARN_DEPRECATED_OBJC_IMPLEMENTATIONS = YES;
				CLANG_WARN_DIRECT_OBJC_ISA_USAGE = YES_ERROR;
				CLANG_WARN_DOCUMENTATION_COMMENTS = YES;
				CLANG_WARN_EMPTY_BODY = YES;
				CLANG_WARN_ENUM_CONVERSION = YES;
				CLANG_WARN_INFINITE_RECURSION = YES;
				CLANG_WARN_INT_CONVERSION = YES;
				CLANG_WARN_NON_LITERAL_NULL_CONVERSION = YES;
				CLANG_WARN_OBJC_IMPLICIT_RETAIN_SELF = YES;
				CLANG_WARN_OBJC_LITERAL_CONVERSION = YES;
				CLANG_WARN_OBJC_ROOT_CLASS = YES_ERROR;
				CLANG_WARN_RANGE_LOOP_ANALYSIS = YES;
				CLANG_WARN_STRICT_PROTOTYPES = YES;
				CLANG_WARN_SUSPICIOUS_MOVE = YES;
				CLANG_WARN_UNGUARDED_AVAILABILITY = YES_AGGRESSIVE;
				CLANG_WARN_UNREACHABLE_CODE = YES;
				CLANG_WARN__DUPLICATE_METHOD_MATCH = YES;
				CODE_SIGN_IDENTITY = "iPhone Developer";
				COPY_PHASE_STRIP = NO;
				DEBUG_INFORMATION_FORMAT = dwarf;
				ENABLE_STRICT_OBJC_MSGSEND = YES;
				ENABLE_TESTABILITY = YES;
				GCC_C_LANGUAGE_STANDARD = gnu11;
				GCC_DYNAMIC_NO_PIC = NO;
				GCC_NO_COMMON_BLOCKS = YES;
				GCC_OPTIMIZATION_LEVEL = 0;
				GCC_PREPROCESSOR_DEFINITIONS = (
					"DEBUG=1",
					"$(inherited)",
				);
				GCC_WARN_64_TO_32_BIT_CONVERSION = YES;
				GCC_WARN_ABOUT_RETURN_TYPE = YES_ERROR;
				GCC_WARN_UNDECLARED_SELECTOR = YES;
				GCC_WARN_UNINITIALIZED_AUTOS = YES_AGGRESSIVE;
				GCC_WARN_UNUSED_FUNCTION = YES;
				GCC_WARN_UNUSED_VARIABLE = YES;
				IPHONEOS_DEPLOYMENT_TARGET = 12.1;
				MTL_ENABLE_DEBUG_INFO = INCLUDE_SOURCE;
				MTL_FAST_MATH = YES;
				ONLY_ACTIVE_ARCH = YES;
				SDKROOT = iphoneos;
				SWIFT_ACTIVE_COMPILATION_CONDITIONS = DEBUG;
				SWIFT_OPTIMIZATION_LEVEL = "-Onone";
			};
			name = Debug;
		};
		052BC0B622F64C6500B4985A /* Release */ = {
			isa = XCBuildConfiguration;
			buildSettings = {
				ALWAYS_SEARCH_USER_PATHS = NO;
				CLANG_ANALYZER_NONNULL = YES;
				CLANG_ANALYZER_NUMBER_OBJECT_CONVERSION = YES_AGGRESSIVE;
				CLANG_CXX_LANGUAGE_STANDARD = "gnu++14";
				CLANG_CXX_LIBRARY = "libc++";
				CLANG_ENABLE_MODULES = YES;
				CLANG_ENABLE_OBJC_ARC = YES;
				CLANG_ENABLE_OBJC_WEAK = YES;
				CLANG_WARN_BLOCK_CAPTURE_AUTORELEASING = YES;
				CLANG_WARN_BOOL_CONVERSION = YES;
				CLANG_WARN_COMMA = YES;
				CLANG_WARN_CONSTANT_CONVERSION = YES;
				CLANG_WARN_DEPRECATED_OBJC_IMPLEMENTATIONS = YES;
				CLANG_WARN_DIRECT_OBJC_ISA_USAGE = YES_ERROR;
				CLANG_WARN_DOCUMENTATION_COMMENTS = YES;
				CLANG_WARN_EMPTY_BODY = YES;
				CLANG_WARN_ENUM_CONVERSION = YES;
				CLANG_WARN_INFINITE_RECURSION = YES;
				CLANG_WARN_INT_CONVERSION = YES;
				CLANG_WARN_NON_LITERAL_NULL_CONVERSION = YES;
				CLANG_WARN_OBJC_IMPLICIT_RETAIN_SELF = YES;
				CLANG_WARN_OBJC_LITERAL_CONVERSION = YES;
				CLANG_WARN_OBJC_ROOT_CLASS = YES_ERROR;
				CLANG_WARN_RANGE_LOOP_ANALYSIS = YES;
				CLANG_WARN_STRICT_PROTOTYPES = YES;
				CLANG_WARN_SUSPICIOUS_MOVE = YES;
				CLANG_WARN_UNGUARDED_AVAILABILITY = YES_AGGRESSIVE;
				CLANG_WARN_UNREACHABLE_CODE = YES;
				CLANG_WARN__DUPLICATE_METHOD_MATCH = YES;
				CODE_SIGN_IDENTITY = "iPhone Developer";
				COPY_PHASE_STRIP = NO;
				DEBUG_INFORMATION_FORMAT = "dwarf-with-dsym";
				ENABLE_NS_ASSERTIONS = NO;
				ENABLE_STRICT_OBJC_MSGSEND = YES;
				GCC_C_LANGUAGE_STANDARD = gnu11;
				GCC_NO_COMMON_BLOCKS = YES;
				GCC_WARN_64_TO_32_BIT_CONVERSION = YES;
				GCC_WARN_ABOUT_RETURN_TYPE = YES_ERROR;
				GCC_WARN_UNDECLARED_SELECTOR = YES;
				GCC_WARN_UNINITIALIZED_AUTOS = YES_AGGRESSIVE;
				GCC_WARN_UNUSED_FUNCTION = YES;
				GCC_WARN_UNUSED_VARIABLE = YES;
				IPHONEOS_DEPLOYMENT_TARGET = 12.1;
				MTL_ENABLE_DEBUG_INFO = NO;
				MTL_FAST_MATH = YES;
				SDKROOT = iphoneos;
				SWIFT_COMPILATION_MODE = wholemodule;
				SWIFT_OPTIMIZATION_LEVEL = "-O";
				VALIDATE_PRODUCT = YES;
			};
			name = Release;
		};
		052BC0B822F64C6500B4985A /* Debug */ = {
			isa = XCBuildConfiguration;
			buildSettings = {
				ASSETCATALOG_COMPILER_APPICON_NAME = AppIcon;
				CODE_SIGN_STYLE = Automatic;
				INFOPLIST_FILE = BottomSheet/Info.plist;
				LD_RUNPATH_SEARCH_PATHS = (
					"$(inherited)",
					"@executable_path/Frameworks",
				);
				PRODUCT_BUNDLE_IDENTIFIER = com.badrinath.BottomSheet;
				PRODUCT_NAME = "$(TARGET_NAME)";
				SWIFT_VERSION = 4.2;
				TARGETED_DEVICE_FAMILY = "1,2";
			};
			name = Debug;
		};
		052BC0B922F64C6500B4985A /* Release */ = {
			isa = XCBuildConfiguration;
			buildSettings = {
				ASSETCATALOG_COMPILER_APPICON_NAME = AppIcon;
				CODE_SIGN_STYLE = Automatic;
				INFOPLIST_FILE = BottomSheet/Info.plist;
				LD_RUNPATH_SEARCH_PATHS = (
					"$(inherited)",
					"@executable_path/Frameworks",
				);
				PRODUCT_BUNDLE_IDENTIFIER = com.badrinath.BottomSheet;
				PRODUCT_NAME = "$(TARGET_NAME)";
				SWIFT_VERSION = 4.2;
				TARGETED_DEVICE_FAMILY = "1,2";
			};
			name = Release;
		};
		052BC0BB22F64C6500B4985A /* Debug */ = {
			isa = XCBuildConfiguration;
			buildSettings = {
				ALWAYS_EMBED_SWIFT_STANDARD_LIBRARIES = YES;
				BUNDLE_LOADER = "$(TEST_HOST)";
				CODE_SIGN_STYLE = Automatic;
				INFOPLIST_FILE = BottomSheetTests/Info.plist;
				LD_RUNPATH_SEARCH_PATHS = (
					"$(inherited)",
					"@executable_path/Frameworks",
					"@loader_path/Frameworks",
				);
				PRODUCT_BUNDLE_IDENTIFIER = com.badrinath.BottomSheetTests;
				PRODUCT_NAME = "$(TARGET_NAME)";
				SWIFT_VERSION = 4.2;
				TARGETED_DEVICE_FAMILY = "1,2";
				TEST_HOST = "$(BUILT_PRODUCTS_DIR)/BottomSheet.app/BottomSheet";
			};
			name = Debug;
		};
		052BC0BC22F64C6500B4985A /* Release */ = {
			isa = XCBuildConfiguration;
			buildSettings = {
				ALWAYS_EMBED_SWIFT_STANDARD_LIBRARIES = YES;
				BUNDLE_LOADER = "$(TEST_HOST)";
				CODE_SIGN_STYLE = Automatic;
				INFOPLIST_FILE = BottomSheetTests/Info.plist;
				LD_RUNPATH_SEARCH_PATHS = (
					"$(inherited)",
					"@executable_path/Frameworks",
					"@loader_path/Frameworks",
				);
				PRODUCT_BUNDLE_IDENTIFIER = com.badrinath.BottomSheetTests;
				PRODUCT_NAME = "$(TARGET_NAME)";
				SWIFT_VERSION = 4.2;
				TARGETED_DEVICE_FAMILY = "1,2";
				TEST_HOST = "$(BUILT_PRODUCTS_DIR)/BottomSheet.app/BottomSheet";
			};
			name = Release;
		};
		052BC0BE22F64C6500B4985A /* Debug */ = {
			isa = XCBuildConfiguration;
			buildSettings = {
				ALWAYS_EMBED_SWIFT_STANDARD_LIBRARIES = YES;
				CODE_SIGN_STYLE = Automatic;
				INFOPLIST_FILE = BottomSheetUITests/Info.plist;
				LD_RUNPATH_SEARCH_PATHS = (
					"$(inherited)",
					"@executable_path/Frameworks",
					"@loader_path/Frameworks",
				);
				PRODUCT_BUNDLE_IDENTIFIER = com.badrinath.BottomSheetUITests;
				PRODUCT_NAME = "$(TARGET_NAME)";
				SWIFT_VERSION = 4.2;
				TARGETED_DEVICE_FAMILY = "1,2";
				TEST_TARGET_NAME = BottomSheet;
			};
			name = Debug;
		};
		052BC0BF22F64C6500B4985A /* Release */ = {
			isa = XCBuildConfiguration;
			buildSettings = {
				ALWAYS_EMBED_SWIFT_STANDARD_LIBRARIES = YES;
				CODE_SIGN_STYLE = Automatic;
				INFOPLIST_FILE = BottomSheetUITests/Info.plist;
				LD_RUNPATH_SEARCH_PATHS = (
					"$(inherited)",
					"@executable_path/Frameworks",
					"@loader_path/Frameworks",
				);
				PRODUCT_BUNDLE_IDENTIFIER = com.badrinath.BottomSheetUITests;
				PRODUCT_NAME = "$(TARGET_NAME)";
				SWIFT_VERSION = 4.2;
				TARGETED_DEVICE_FAMILY = "1,2";
				TEST_TARGET_NAME = BottomSheet;
			};
			name = Release;
		};
/* End XCBuildConfiguration section */

/* Begin XCConfigurationList section */
		052BC08A22F64C6300B4985A /* Build configuration list for PBXProject "BottomSheet" */ = {
			isa = XCConfigurationList;
			buildConfigurations = (
				052BC0B522F64C6500B4985A /* Debug */,
				052BC0B622F64C6500B4985A /* Release */,
			);
			defaultConfigurationIsVisible = 0;
			defaultConfigurationName = Release;
		};
		052BC0B722F64C6500B4985A /* Build configuration list for PBXNativeTarget "BottomSheet" */ = {
			isa = XCConfigurationList;
			buildConfigurations = (
				052BC0B822F64C6500B4985A /* Debug */,
				052BC0B922F64C6500B4985A /* Release */,
			);
			defaultConfigurationIsVisible = 0;
			defaultConfigurationName = Release;
		};
		052BC0BA22F64C6500B4985A /* Build configuration list for PBXNativeTarget "BottomSheetTests" */ = {
			isa = XCConfigurationList;
			buildConfigurations = (
				052BC0BB22F64C6500B4985A /* Debug */,
				052BC0BC22F64C6500B4985A /* Release */,
			);
			defaultConfigurationIsVisible = 0;
			defaultConfigurationName = Release;
		};
		052BC0BD22F64C6500B4985A /* Build configuration list for PBXNativeTarget "BottomSheetUITests" */ = {
			isa = XCConfigurationList;
			buildConfigurations = (
				052BC0BE22F64C6500B4985A /* Debug */,
				052BC0BF22F64C6500B4985A /* Release */,
			);
			defaultConfigurationIsVisible = 0;
			defaultConfigurationName = Release;
		};
/* End XCConfigurationList section */
	};
	rootObject = 052BC08722F64C6300B4985A /* Project object */;
}
